// !$*UTF8*$!
{
	archiveVersion = 1;
	classes = {
	};
	objectVersion = 56;
	objects = {

/* Begin PBXBuildFile section */
		9E6575472B8CF55A00255C1E /* SwiftUI_GameApp.swift in Sources */ = {isa = PBXBuildFile; fileRef = 9E6575462B8CF55A00255C1E /* SwiftUI_GameApp.swift */; };
		9E6575492B8CF55A00255C1E /* ContentView.swift in Sources */ = {isa = PBXBuildFile; fileRef = 9E6575482B8CF55A00255C1E /* ContentView.swift */; };
		9E65754B2B8CF55D00255C1E /* Assets.xcassets in Resources */ = {isa = PBXBuildFile; fileRef = 9E65754A2B8CF55D00255C1E /* Assets.xcassets */; };
		9E65754E2B8CF55D00255C1E /* Preview Assets.xcassets in Resources */ = {isa = PBXBuildFile; fileRef = 9E65754D2B8CF55D00255C1E /* Preview Assets.xcassets */; };
		9E6575552B8CF79200255C1E /* OnboardingView.swift in Sources */ = {isa = PBXBuildFile; fileRef = 9E6575542B8CF79200255C1E /* OnboardingView.swift */; };
		9E6575572B8CF86200255C1E /* OnboardingCardView.swift in Sources */ = {isa = PBXBuildFile; fileRef = 9E6575562B8CF86200255C1E /* OnboardingCardView.swift */; };
		9E6575592B8D01E600255C1E /* OnboardingData.swift in Sources */ = {isa = PBXBuildFile; fileRef = 9E6575582B8D01E600255C1E /* OnboardingData.swift */; };
		9E65755B2B8DFBA900255C1E /* OnboardingItem.swift in Sources */ = {isa = PBXBuildFile; fileRef = 9E65755A2B8DFBA900255C1E /* OnboardingItem.swift */; };
		9E65755D2B8E11DD00255C1E /* GameView.swift in Sources */ = {isa = PBXBuildFile; fileRef = 9E65755C2B8E11DD00255C1E /* GameView.swift */; };
		9E6575632B8E239900255C1E /* GameItem.swift in Sources */ = {isa = PBXBuildFile; fileRef = 9E6575622B8E239900255C1E /* GameItem.swift */; };
		9E6575672B8E25EC00255C1E /* GameItemView.swift in Sources */ = {isa = PBXBuildFile; fileRef = 9E6575662B8E25EC00255C1E /* GameItemView.swift */; };
		9E6575692B8E2ADA00255C1E /* GameViewModel.swift in Sources */ = {isa = PBXBuildFile; fileRef = 9E6575682B8E2ADA00255C1E /* GameViewModel.swift */; };
		9E65756B2B9B4C4F00255C1E /* CatcherView.swift in Sources */ = {isa = PBXBuildFile; fileRef = 9E65756A2B9B4C4F00255C1E /* CatcherView.swift */; };
		9E65756D2B9B501400255C1E /* LifePointView.swift in Sources */ = {isa = PBXBuildFile; fileRef = 9E65756C2B9B501400255C1E /* LifePointView.swift */; };
		9E65756F2B9B580C00255C1E /* GameOverView.swift in Sources */ = {isa = PBXBuildFile; fileRef = 9E65756E2B9B580C00255C1E /* GameOverView.swift */; };
		9E6575712B9B63DF00255C1E /* Highscore.swift in Sources */ = {isa = PBXBuildFile; fileRef = 9E6575702B9B63DF00255C1E /* Highscore.swift */; };
		9E6575732B9B656B00255C1E /* HighscoresViewModel.swift in Sources */ = {isa = PBXBuildFile; fileRef = 9E6575722B9B656B00255C1E /* HighscoresViewModel.swift */; };
		9E6575752B9B688000255C1E /* HighscoreView.swift in Sources */ = {isa = PBXBuildFile; fileRef = 9E6575742B9B688000255C1E /* HighscoreView.swift */; };
/* End PBXBuildFile section */

/* Begin PBXFileReference section */
		9E6575432B8CF55A00255C1E /* SwiftUI Game.app */ = {isa = PBXFileReference; explicitFileType = wrapper.application; includeInIndex = 0; path = "SwiftUI Game.app"; sourceTree = BUILT_PRODUCTS_DIR; };
		9E6575462B8CF55A00255C1E /* SwiftUI_GameApp.swift */ = {isa = PBXFileReference; lastKnownFileType = sourcecode.swift; path = SwiftUI_GameApp.swift; sourceTree = "<group>"; };
		9E6575482B8CF55A00255C1E /* ContentView.swift */ = {isa = PBXFileReference; lastKnownFileType = sourcecode.swift; path = ContentView.swift; sourceTree = "<group>"; };
		9E65754A2B8CF55D00255C1E /* Assets.xcassets */ = {isa = PBXFileReference; lastKnownFileType = folder.assetcatalog; path = Assets.xcassets; sourceTree = "<group>"; };
		9E65754D2B8CF55D00255C1E /* Preview Assets.xcassets */ = {isa = PBXFileReference; lastKnownFileType = folder.assetcatalog; path = "Preview Assets.xcassets"; sourceTree = "<group>"; };
		9E6575542B8CF79200255C1E /* OnboardingView.swift */ = {isa = PBXFileReference; lastKnownFileType = sourcecode.swift; path = OnboardingView.swift; sourceTree = "<group>"; };
		9E6575562B8CF86200255C1E /* OnboardingCardView.swift */ = {isa = PBXFileReference; lastKnownFileType = sourcecode.swift; path = OnboardingCardView.swift; sourceTree = "<group>"; };
		9E6575582B8D01E600255C1E /* OnboardingData.swift */ = {isa = PBXFileReference; lastKnownFileType = sourcecode.swift; path = OnboardingData.swift; sourceTree = "<group>"; };
		9E65755A2B8DFBA900255C1E /* OnboardingItem.swift */ = {isa = PBXFileReference; lastKnownFileType = sourcecode.swift; path = OnboardingItem.swift; sourceTree = "<group>"; };
		9E65755C2B8E11DD00255C1E /* GameView.swift */ = {isa = PBXFileReference; lastKnownFileType = sourcecode.swift; path = GameView.swift; sourceTree = "<group>"; };
		9E6575622B8E239900255C1E /* GameItem.swift */ = {isa = PBXFileReference; lastKnownFileType = sourcecode.swift; path = GameItem.swift; sourceTree = "<group>"; };
		9E6575662B8E25EC00255C1E /* GameItemView.swift */ = {isa = PBXFileReference; lastKnownFileType = sourcecode.swift; path = GameItemView.swift; sourceTree = "<group>"; };
		9E6575682B8E2ADA00255C1E /* GameViewModel.swift */ = {isa = PBXFileReference; lastKnownFileType = sourcecode.swift; name = GameViewModel.swift; path = "SwiftUI Game/Model/GameViewModel.swift"; sourceTree = SOURCE_ROOT; };
		9E65756A2B9B4C4F00255C1E /* CatcherView.swift */ = {isa = PBXFileReference; lastKnownFileType = sourcecode.swift; path = CatcherView.swift; sourceTree = "<group>"; };
		9E65756C2B9B501400255C1E /* LifePointView.swift */ = {isa = PBXFileReference; lastKnownFileType = sourcecode.swift; path = LifePointView.swift; sourceTree = "<group>"; };
		9E65756E2B9B580C00255C1E /* GameOverView.swift */ = {isa = PBXFileReference; lastKnownFileType = sourcecode.swift; path = GameOverView.swift; sourceTree = "<group>"; };
		9E6575702B9B63DF00255C1E /* Highscore.swift */ = {isa = PBXFileReference; lastKnownFileType = sourcecode.swift; path = Highscore.swift; sourceTree = "<group>"; };
		9E6575722B9B656B00255C1E /* HighscoresViewModel.swift */ = {isa = PBXFileReference; lastKnownFileType = sourcecode.swift; path = HighscoresViewModel.swift; sourceTree = "<group>"; };
		9E6575742B9B688000255C1E /* HighscoreView.swift */ = {isa = PBXFileReference; lastKnownFileType = sourcecode.swift; path = HighscoreView.swift; sourceTree = "<group>"; };
/* End PBXFileReference section */

/* Begin PBXFrameworksBuildPhase section */
		9E6575402B8CF55A00255C1E /* Frameworks */ = {
			isa = PBXFrameworksBuildPhase;
			buildActionMask = 2147483647;
			files = (
			);
			runOnlyForDeploymentPostprocessing = 0;
		};
/* End PBXFrameworksBuildPhase section */

/* Begin PBXGroup section */
		9E65753A2B8CF55A00255C1E = {
			isa = PBXGroup;
			children = (
				9E6575452B8CF55A00255C1E /* SwiftUI Game */,
				9E6575442B8CF55A00255C1E /* Products */,
			);
			sourceTree = "<group>";
		};
		9E6575442B8CF55A00255C1E /* Products */ = {
			isa = PBXGroup;
			children = (
				9E6575432B8CF55A00255C1E /* SwiftUI Game.app */,
			);
			name = Products;
			sourceTree = "<group>";
		};
		9E6575452B8CF55A00255C1E /* SwiftUI Game */ = {
			isa = PBXGroup;
			children = (
				9E6575462B8CF55A00255C1E /* SwiftUI_GameApp.swift */,
				9E6575482B8CF55A00255C1E /* ContentView.swift */,
				9E65754A2B8CF55D00255C1E /* Assets.xcassets */,
				9E65754C2B8CF55D00255C1E /* Preview Content */,
				9E65755E2B8E221200255C1E /* ViewModel */,
				9E6575612B8E223B00255C1E /* Model */,
				9E6575602B8E222B00255C1E /* Data */,
				9E65755F2B8E221D00255C1E /* Views */,
			);
			path = "SwiftUI Game";
			sourceTree = "<group>";
		};
		9E65754C2B8CF55D00255C1E /* Preview Content */ = {
			isa = PBXGroup;
			children = (
				9E65754D2B8CF55D00255C1E /* Preview Assets.xcassets */,
			);
			path = "Preview Content";
			sourceTree = "<group>";
		};
		9E65755E2B8E221200255C1E /* ViewModel */ = {
			isa = PBXGroup;
			children = (
				9E6575722B9B656B00255C1E /* HighscoresViewModel.swift */,
				9E6575682B8E2ADA00255C1E /* GameViewModel.swift */,
			);
			path = ViewModel;
			sourceTree = "<group>";
		};
		9E65755F2B8E221D00255C1E /* Views */ = {
			isa = PBXGroup;
			children = (
				9E65755C2B8E11DD00255C1E /* GameView.swift */,
				9E6575542B8CF79200255C1E /* OnboardingView.swift */,
				9E6575562B8CF86200255C1E /* OnboardingCardView.swift */,
				9E6575662B8E25EC00255C1E /* GameItemView.swift */,
				9E65756A2B9B4C4F00255C1E /* CatcherView.swift */,
				9E65756C2B9B501400255C1E /* LifePointView.swift */,
				9E65756E2B9B580C00255C1E /* GameOverView.swift */,
				9E6575742B9B688000255C1E /* HighscoreView.swift */,
			);
			path = Views;
			sourceTree = "<group>";
		};
		9E6575602B8E222B00255C1E /* Data */ = {
			isa = PBXGroup;
			children = (
				9E6575582B8D01E600255C1E /* OnboardingData.swift */,
			);
			path = Data;
			sourceTree = "<group>";
		};
		9E6575612B8E223B00255C1E /* Model */ = {
			isa = PBXGroup;
			children = (
				9E65755A2B8DFBA900255C1E /* OnboardingItem.swift */,
				9E6575622B8E239900255C1E /* GameItem.swift */,
				9E6575702B9B63DF00255C1E /* Highscore.swift */,
			);
			path = Model;
			sourceTree = "<group>";
		};
/* End PBXGroup section */

/* Begin PBXNativeTarget section */
		9E6575422B8CF55A00255C1E /* SwiftUI Game */ = {
			isa = PBXNativeTarget;
			buildConfigurationList = 9E6575512B8CF55D00255C1E /* Build configuration list for PBXNativeTarget "SwiftUI Game" */;
			buildPhases = (
				9E65753F2B8CF55A00255C1E /* Sources */,
				9E6575402B8CF55A00255C1E /* Frameworks */,
				9E6575412B8CF55A00255C1E /* Resources */,
			);
			buildRules = (
			);
			dependencies = (
			);
			name = "SwiftUI Game";
			productName = "SwiftUI Game";
			productReference = 9E6575432B8CF55A00255C1E /* SwiftUI Game.app */;
			productType = "com.apple.product-type.application";
		};
/* End PBXNativeTarget section */

/* Begin PBXProject section */
		9E65753B2B8CF55A00255C1E /* Project object */ = {
			isa = PBXProject;
			attributes = {
				BuildIndependentTargetsInParallel = 1;
				LastSwiftUpdateCheck = 1520;
				LastUpgradeCheck = 1520;
				TargetAttributes = {
					9E6575422B8CF55A00255C1E = {
						CreatedOnToolsVersion = 15.2;
					};
				};
			};
			buildConfigurationList = 9E65753E2B8CF55A00255C1E /* Build configuration list for PBXProject "SwiftUI Game" */;
			compatibilityVersion = "Xcode 14.0";
			developmentRegion = en;
			hasScannedForEncodings = 0;
			knownRegions = (
				en,
				Base,
			);
			mainGroup = 9E65753A2B8CF55A00255C1E;
			productRefGroup = 9E6575442B8CF55A00255C1E /* Products */;
			projectDirPath = "";
			projectRoot = "";
			targets = (
				9E6575422B8CF55A00255C1E /* SwiftUI Game */,
			);
		};
/* End PBXProject section */

/* Begin PBXResourcesBuildPhase section */
		9E6575412B8CF55A00255C1E /* Resources */ = {
			isa = PBXResourcesBuildPhase;
			buildActionMask = 2147483647;
			files = (
				9E65754E2B8CF55D00255C1E /* Preview Assets.xcassets in Resources */,
				9E65754B2B8CF55D00255C1E /* Assets.xcassets in Resources */,
			);
			runOnlyForDeploymentPostprocessing = 0;
		};
/* End PBXResourcesBuildPhase section */

/* Begin PBXSourcesBuildPhase section */
		9E65753F2B8CF55A00255C1E /* Sources */ = {
			isa = PBXSourcesBuildPhase;
			buildActionMask = 2147483647;
			files = (
				9E6575552B8CF79200255C1E /* OnboardingView.swift in Sources */,
				9E65756B2B9B4C4F00255C1E /* CatcherView.swift in Sources */,
				9E6575592B8D01E600255C1E /* OnboardingData.swift in Sources */,
				9E65756D2B9B501400255C1E /* LifePointView.swift in Sources */,
				9E6575632B8E239900255C1E /* GameItem.swift in Sources */,
				9E6575752B9B688000255C1E /* HighscoreView.swift in Sources */,
				9E6575692B8E2ADA00255C1E /* GameViewModel.swift in Sources */,
				9E6575492B8CF55A00255C1E /* ContentView.swift in Sources */,
				9E6575472B8CF55A00255C1E /* SwiftUI_GameApp.swift in Sources */,
				9E6575572B8CF86200255C1E /* OnboardingCardView.swift in Sources */,
				9E6575672B8E25EC00255C1E /* GameItemView.swift in Sources */,
				9E65755B2B8DFBA900255C1E /* OnboardingItem.swift in Sources */,
				9E65756F2B9B580C00255C1E /* GameOverView.swift in Sources */,
				9E6575732B9B656B00255C1E /* HighscoresViewModel.swift in Sources */,
				9E6575712B9B63DF00255C1E /* Highscore.swift in Sources */,
				9E65755D2B8E11DD00255C1E /* GameView.swift in Sources */,
			);
			runOnlyForDeploymentPostprocessing = 0;
		};
/* End PBXSourcesBuildPhase section */

/* Begin XCBuildConfiguration section */
		9E65754F2B8CF55D00255C1E /* Debug */ = {
			isa = XCBuildConfiguration;
			buildSettings = {
				ALWAYS_SEARCH_USER_PATHS = NO;
				ASSETCATALOG_COMPILER_GENERATE_SWIFT_ASSET_SYMBOL_EXTENSIONS = YES;
				CLANG_ANALYZER_NONNULL = YES;
				CLANG_ANALYZER_NUMBER_OBJECT_CONVERSION = YES_AGGRESSIVE;
				CLANG_CXX_LANGUAGE_STANDARD = "gnu++20";
				CLANG_ENABLE_MODULES = YES;
				CLANG_ENABLE_OBJC_ARC = YES;
				CLANG_ENABLE_OBJC_WEAK = YES;
				CLANG_WARN_BLOCK_CAPTURE_AUTORELEASING = YES;
				CLANG_WARN_BOOL_CONVERSION = YES;
				CLANG_WARN_COMMA = YES;
				CLANG_WARN_CONSTANT_CONVERSION = YES;
				CLANG_WARN_DEPRECATED_OBJC_IMPLEMENTATIONS = YES;
				CLANG_WARN_DIRECT_OBJC_ISA_USAGE = YES_ERROR;
				CLANG_WARN_DOCUMENTATION_COMMENTS = YES;
				CLANG_WARN_EMPTY_BODY = YES;
				CLANG_WARN_ENUM_CONVERSION = YES;
				CLANG_WARN_INFINITE_RECURSION = YES;
				CLANG_WARN_INT_CONVERSION = YES;
				CLANG_WARN_NON_LITERAL_NULL_CONVERSION = YES;
				CLANG_WARN_OBJC_IMPLICIT_RETAIN_SELF = YES;
				CLANG_WARN_OBJC_LITERAL_CONVERSION = YES;
				CLANG_WARN_OBJC_ROOT_CLASS = YES_ERROR;
				CLANG_WARN_QUOTED_INCLUDE_IN_FRAMEWORK_HEADER = YES;
				CLANG_WARN_RANGE_LOOP_ANALYSIS = YES;
				CLANG_WARN_STRICT_PROTOTYPES = YES;
				CLANG_WARN_SUSPICIOUS_MOVE = YES;
				CLANG_WARN_UNGUARDED_AVAILABILITY = YES_AGGRESSIVE;
				CLANG_WARN_UNREACHABLE_CODE = YES;
				CLANG_WARN__DUPLICATE_METHOD_MATCH = YES;
				COPY_PHASE_STRIP = NO;
				DEBUG_INFORMATION_FORMAT = dwarf;
				ENABLE_STRICT_OBJC_MSGSEND = YES;
				ENABLE_TESTABILITY = YES;
				ENABLE_USER_SCRIPT_SANDBOXING = YES;
				GCC_C_LANGUAGE_STANDARD = gnu17;
				GCC_DYNAMIC_NO_PIC = NO;
				GCC_NO_COMMON_BLOCKS = YES;
				GCC_OPTIMIZATION_LEVEL = 0;
				GCC_PREPROCESSOR_DEFINITIONS = (
					"DEBUG=1",
					"$(inherited)",
				);
				GCC_WARN_64_TO_32_BIT_CONVERSION = YES;
				GCC_WARN_ABOUT_RETURN_TYPE = YES_ERROR;
				GCC_WARN_UNDECLARED_SELECTOR = YES;
				GCC_WARN_UNINITIALIZED_AUTOS = YES_AGGRESSIVE;
				GCC_WARN_UNUSED_FUNCTION = YES;
				GCC_WARN_UNUSED_VARIABLE = YES;
				IPHONEOS_DEPLOYMENT_TARGET = 17.2;
				LOCALIZATION_PREFERS_STRING_CATALOGS = YES;
				MTL_ENABLE_DEBUG_INFO = INCLUDE_SOURCE;
				MTL_FAST_MATH = YES;
				ONLY_ACTIVE_ARCH = YES;
				SDKROOT = iphoneos;
				SWIFT_ACTIVE_COMPILATION_CONDITIONS = "DEBUG $(inherited)";
				SWIFT_OPTIMIZATION_LEVEL = "-Onone";
			};
			name = Debug;
		};
		9E6575502B8CF55D00255C1E /* Release */ = {
			isa = XCBuildConfiguration;
			buildSettings = {
				ALWAYS_SEARCH_USER_PATHS = NO;
				ASSETCATALOG_COMPILER_GENERATE_SWIFT_ASSET_SYMBOL_EXTENSIONS = YES;
				CLANG_ANALYZER_NONNULL = YES;
				CLANG_ANALYZER_NUMBER_OBJECT_CONVERSION = YES_AGGRESSIVE;
				CLANG_CXX_LANGUAGE_STANDARD = "gnu++20";
				CLANG_ENABLE_MODULES = YES;
				CLANG_ENABLE_OBJC_ARC = YES;
				CLANG_ENABLE_OBJC_WEAK = YES;
				CLANG_WARN_BLOCK_CAPTURE_AUTORELEASING = YES;
				CLANG_WARN_BOOL_CONVERSION = YES;
				CLANG_WARN_COMMA = YES;
				CLANG_WARN_CONSTANT_CONVERSION = YES;
				CLANG_WARN_DEPRECATED_OBJC_IMPLEMENTATIONS = YES;
				CLANG_WARN_DIRECT_OBJC_ISA_USAGE = YES_ERROR;
				CLANG_WARN_DOCUMENTATION_COMMENTS = YES;
				CLANG_WARN_EMPTY_BODY = YES;
				CLANG_WARN_ENUM_CONVERSION = YES;
				CLANG_WARN_INFINITE_RECURSION = YES;
				CLANG_WARN_INT_CONVERSION = YES;
				CLANG_WARN_NON_LITERAL_NULL_CONVERSION = YES;
				CLANG_WARN_OBJC_IMPLICIT_RETAIN_SELF = YES;
				CLANG_WARN_OBJC_LITERAL_CONVERSION = YES;
				CLANG_WARN_OBJC_ROOT_CLASS = YES_ERROR;
				CLANG_WARN_QUOTED_INCLUDE_IN_FRAMEWORK_HEADER = YES;
				CLANG_WARN_RANGE_LOOP_ANALYSIS = YES;
				CLANG_WARN_STRICT_PROTOTYPES = YES;
				CLANG_WARN_SUSPICIOUS_MOVE = YES;
				CLANG_WARN_UNGUARDED_AVAILABILITY = YES_AGGRESSIVE;
				CLANG_WARN_UNREACHABLE_CODE = YES;
				CLANG_WARN__DUPLICATE_METHOD_MATCH = YES;
				COPY_PHASE_STRIP = NO;
				DEBUG_INFORMATION_FORMAT = "dwarf-with-dsym";
				ENABLE_NS_ASSERTIONS = NO;
				ENABLE_STRICT_OBJC_MSGSEND = YES;
				ENABLE_USER_SCRIPT_SANDBOXING = YES;
				GCC_C_LANGUAGE_STANDARD = gnu17;
				GCC_NO_COMMON_BLOCKS = YES;
				GCC_WARN_64_TO_32_BIT_CONVERSION = YES;
				GCC_WARN_ABOUT_RETURN_TYPE = YES_ERROR;
				GCC_WARN_UNDECLARED_SELECTOR = YES;
				GCC_WARN_UNINITIALIZED_AUTOS = YES_AGGRESSIVE;
				GCC_WARN_UNUSED_FUNCTION = YES;
				GCC_WARN_UNUSED_VARIABLE = YES;
				IPHONEOS_DEPLOYMENT_TARGET = 17.2;
				LOCALIZATION_PREFERS_STRING_CATALOGS = YES;
				MTL_ENABLE_DEBUG_INFO = NO;
				MTL_FAST_MATH = YES;
				SDKROOT = iphoneos;
				SWIFT_COMPILATION_MODE = wholemodule;
				VALIDATE_PRODUCT = YES;
			};
			name = Release;
		};
		9E6575522B8CF55D00255C1E /* Debug */ = {
			isa = XCBuildConfiguration;
			buildSettings = {
				ASSETCATALOG_COMPILER_APPICON_NAME = AppIcon;
				ASSETCATALOG_COMPILER_GLOBAL_ACCENT_COLOR_NAME = AccentColor;
				CODE_SIGN_STYLE = Automatic;
				CURRENT_PROJECT_VERSION = 1;
				DEVELOPMENT_ASSET_PATHS = "\"SwiftUI Game/Preview Content\"";
				DEVELOPMENT_TEAM = M9VX3VAJ5Y;
				ENABLE_PREVIEWS = YES;
				GENERATE_INFOPLIST_FILE = YES;
				INFOPLIST_KEY_UIApplicationSceneManifest_Generation = YES;
				INFOPLIST_KEY_UIApplicationSupportsIndirectInputEvents = YES;
				INFOPLIST_KEY_UILaunchScreen_Generation = YES;
				INFOPLIST_KEY_UISupportedInterfaceOrientations_iPad = "UIInterfaceOrientationPortrait UIInterfaceOrientationPortraitUpsideDown UIInterfaceOrientationLandscapeLeft UIInterfaceOrientationLandscapeRight";
				INFOPLIST_KEY_UISupportedInterfaceOrientations_iPhone = "UIInterfaceOrientationPortrait UIInterfaceOrientationLandscapeLeft UIInterfaceOrientationLandscapeRight";
				LD_RUNPATH_SEARCH_PATHS = (
					"$(inherited)",
					"@executable_path/Frameworks",
				);
				MARKETING_VERSION = 1.0;
				PRODUCT_BUNDLE_IDENTIFIER = "at.it231522.SwiftUI-Game";
				PRODUCT_NAME = "$(TARGET_NAME)";
				SWIFT_EMIT_LOC_STRINGS = YES;
				SWIFT_VERSION = 5.0;
				TARGETED_DEVICE_FAMILY = "1,2";
			};
			name = Debug;
		};
		9E6575532B8CF55D00255C1E /* Release */ = {
			isa = XCBuildConfiguration;
			buildSettings = {
				ASSETCATALOG_COMPILER_APPICON_NAME = AppIcon;
				ASSETCATALOG_COMPILER_GLOBAL_ACCENT_COLOR_NAME = AccentColor;
				CODE_SIGN_STYLE = Automatic;
				CURRENT_PROJECT_VERSION = 1;
				DEVELOPMENT_ASSET_PATHS = "\"SwiftUI Game/Preview Content\"";
				DEVELOPMENT_TEAM = M9VX3VAJ5Y;
				ENABLE_PREVIEWS = YES;
				GENERATE_INFOPLIST_FILE = YES;
				INFOPLIST_KEY_UIApplicationSceneManifest_Generation = YES;
				INFOPLIST_KEY_UIApplicationSupportsIndirectInputEvents = YES;
				INFOPLIST_KEY_UILaunchScreen_Generation = YES;
				INFOPLIST_KEY_UISupportedInterfaceOrientations_iPad = "UIInterfaceOrientationPortrait UIInterfaceOrientationPortraitUpsideDown UIInterfaceOrientationLandscapeLeft UIInterfaceOrientationLandscapeRight";
				INFOPLIST_KEY_UISupportedInterfaceOrientations_iPhone = "UIInterfaceOrientationPortrait UIInterfaceOrientationLandscapeLeft UIInterfaceOrientationLandscapeRight";
				LD_RUNPATH_SEARCH_PATHS = (
					"$(inherited)",
					"@executable_path/Frameworks",
				);
				MARKETING_VERSION = 1.0;
				PRODUCT_BUNDLE_IDENTIFIER = "at.it231522.SwiftUI-Game";
				PRODUCT_NAME = "$(TARGET_NAME)";
				SWIFT_EMIT_LOC_STRINGS = YES;
				SWIFT_VERSION = 5.0;
				TARGETED_DEVICE_FAMILY = "1,2";
			};
			name = Release;
		};
/* End XCBuildConfiguration section */

/* Begin XCConfigurationList section */
		9E65753E2B8CF55A00255C1E /* Build configuration list for PBXProject "SwiftUI Game" */ = {
			isa = XCConfigurationList;
			buildConfigurations = (
				9E65754F2B8CF55D00255C1E /* Debug */,
				9E6575502B8CF55D00255C1E /* Release */,
			);
			defaultConfigurationIsVisible = 0;
			defaultConfigurationName = Release;
		};
		9E6575512B8CF55D00255C1E /* Build configuration list for PBXNativeTarget "SwiftUI Game" */ = {
			isa = XCConfigurationList;
			buildConfigurations = (
				9E6575522B8CF55D00255C1E /* Debug */,
				9E6575532B8CF55D00255C1E /* Release */,
			);
			defaultConfigurationIsVisible = 0;
			defaultConfigurationName = Release;
		};
/* End XCConfigurationList section */
	};
	rootObject = 9E65753B2B8CF55A00255C1E /* Project object */;
}
